# This file is automatically @generated by Cargo.
# It is not intended for manual editing.
version = 4

[[package]]
name = "pharmakos-client-gdext"
version = "0.0.0"

[[package]]
name = "pharmakos-gamectl"
version = "0.0.0"

[[package]]
name = "pharmakos-gateway"
version = "0.0.0"

[[package]]
name = "pharmakos-operator"
version = "0.0.0"

[[package]]
name = "pharmakos-plan-core"
version = "0.0.0"

[[package]]
name = "pharmakos-proto"
version = "0.0.0"

[[package]]
name = "pharmakos-sim"
version = "0.0.0"

[[package]]
name = "pharmakos-verifier"
version = "0.0.0"

[[package]]
name = "xtask"
version = "0.0.0"
