# This file is automatically @generated by Cargo.
# It is not intended for manual editing.
version = 4

[[package]]
name = "g3-tick-budget"
version = "0.1.0"
dependencies = [
 "xxhash-rust",
]

[[package]]
name = "xxhash-rust"
version = "0.8.18"
source = "registry+https://github.com/rust-lang/crates.io-index"
checksum = "aee1b19627c7c60102ab80d3a9cbe18de90bfe03bfa6c3715447681f0e8c8af6"
